
Microsoft Visual Studio Solution File, Format Version 12.00
# Visual Studio Version 16
VisualStudioVersion = 16.0.29123.88
MinimumVisualStudioVersion = 10.0.40219.1
Project("{FAE04EC0-301F-11D3-BF4B-00C04F79EFBC}") = "OfficeMasterKey", "OfficeMasterKey.csproj", "{84AAD5A0-653C-44B1-B091-2DB813DA827C}"
EndProject
Global
	GlobalSection(SolutionConfigurationPlatforms) = preSolution
		Debug|Any CPU = Debug|Any CPU
		Release|Any CPU = Release|Any CPU
	EndGlobalSection
	GlobalSection(ProjectConfigurationPlatforms) = postSolution
		{84AAD5A0-653C-44B1-B091-2DB813DA827C}.Debug|Any CPU.ActiveCfg = Debug|Any CPU
		{84AAD5A0-653C-44B1-B091-2DB813DA827C}.Debug|Any CPU.Build.0 = Debug|Any CPU
		{84AAD5A0-653C-44B1-B091-2DB813DA827C}.Release|Any CPU.ActiveCfg = Release|Any CPU
		{84AAD5A0-653C-44B1-B091-2DB813DA827C}.Release|Any CPU.Build.0 = Release|Any CPU
	EndGlobalSection
	GlobalSection(SolutionProperties) = preSolution
		HideSolutionNode = FALSE
	EndGlobalSection
	GlobalSection(ExtensibilityGlobals) = postSolution
		SolutionGuid = {115029CF-8C83-46F8-AAB6-FA2DDF74875C}
	EndGlobalSection
EndGlobal
